
Microsoft Visual Studio Solution File, Format Version 12.00
# Visual Studio Version 17
VisualStudioVersion = 17.0.32112.339
MinimumVisualStudioVersion = 10.0.40219.1
Project("{FAE04EC0-301F-11D3-BF4B-00C04F79EFBC}") = "App2.UWP", "App2\App2.UWP\App2.UWP.csproj", "{A04AA476-B177-4612-B5F2-BD90532C2C80}"
EndProject
Project("{FAE04EC0-301F-11D3-BF4B-00C04F79EFBC}") = "App2.Android", "App2\App2.Android\App2.Android.csproj", "{8E1CEDC1-5DF7-48CD-832C-930FD0A25595}"
EndProject
Project("{FAE04EC0-301F-11D3-BF4B-00C04F79EFBC}") = "App2.iOS", "App2\App2.iOS\App2.iOS.csproj", "{2B409645-7033-4C48-845A-07BA4C5BDC7B}"
EndProject
Project("{FAE04EC0-301F-11D3-BF4B-00C04F79EFBC}") = "App2", "App2\App2\App2.csproj", "{07D823E1-3704-406C-830D-1EC0DCC1730C}"
EndProject
Global
	GlobalSection(SolutionConfigurationPlatforms) = preSolution
		Debug|Any CPU = Debug|Any CPU
		Debug|ARM = Debug|ARM
		Debug|iPhone = Debug|iPhone
		Debug|iPhoneSimulator = Debug|iPhoneSimulator
		Debug|x64 = Debug|x64
		Debug|x86 = Debug|x86
		Release|Any CPU = Release|Any CPU
		Release|ARM = Release|ARM
		Release|iPhone = Release|iPhone
		Release|iPhoneSimulator = Release|iPhoneSimulator
		Release|x64 = Release|x64
		Release|x86 = Release|x86
	EndGlobalSection
	GlobalSection(ProjectConfigurationPlatforms) = postSolution
		{A04AA476-B177-4612-B5F2-BD90532C2C80}.Debug|Any CPU.ActiveCfg = Debug|x64
		{A04AA476-B177-4612-B5F2-BD90532C2C80}.Debug|Any CPU.Build.0 = Debug|x64
		{A04AA476-B177-4612-B5F2-BD90532C2C80}.Debug|Any CPU.Deploy.0 = Debug|x64
		{A04AA476-B177-4612-B5F2-BD90532C2C80}.Debug|ARM.ActiveCfg = Debug|ARM
		{A04AA476-B177-4612-B5F2-BD90532C2C80}.Debug|ARM.Build.0 = Debug|ARM
		{A04AA476-B177-4612-B5F2-BD90532C2C80}.Debug|ARM.Deploy.0 = Debug|ARM
		{A04AA476-B177-4612-B5F2-BD90532C2C80}.Debug|iPhone.ActiveCfg = Debug|x64
		{A04AA476-B177-4612-B5F2-BD90532C2C80}.Debug|iPhone.Build.0 = Debug|x64
		{A04AA476-B177-4612-B5F2-BD90532C2C80}.Debug|iPhone.Deploy.0 = Debug|x64
		{A04AA476-B177-4612-B5F2-BD90532C2C80}.Debug|iPhoneSimulator.ActiveCfg = Debug|x64
		{A04AA476-B177-4612-B5F2-BD90532C2C80}.Debug|iPhoneSimulator.Build.0 = Debug|x64
		{A04AA476-B177-4612-B5F2-BD90532C2C80}.Debug|iPhoneSimulator.Deploy.0 = Debug|x64
		{A04AA476-B177-4612-B5F2-BD90532C2C80}.Debug|x64.ActiveCfg = Debug|x64
		{A04AA476-B177-4612-B5F2-BD90532C2C80}.Debug|x64.Build.0 = Debug|x64
		{A04AA476-B177-4612-B5F2-BD90532C2C80}.Debug|x64.Deploy.0 = Debug|x64
		{A04AA476-B177-4612-B5F2-BD90532C2C80}.Debug|x86.ActiveCfg = Debug|x86
		{A04AA476-B177-4612-B5F2-BD90532C2C80}.Debug|x86.Build.0 = Debug|x86
		{A04AA476-B177-4612-B5F2-BD90532C2C80}.Debug|x86.Deploy.0 = Debug|x86
		{A04AA476-B177-4612-B5F2-BD90532C2C80}.Release|Any CPU.ActiveCfg = Release|x64
		{A04AA476-B177-4612-B5F2-BD90532C2C80}.Release|Any CPU.Build.0 = Release|x64
		{A04AA476-B177-4612-B5F2-BD90532C2C80}.Release|Any CPU.Deploy.0 = Release|x64
		{A04AA476-B177-4612-B5F2-BD90532C2C80}.Release|ARM.ActiveCfg = Release|ARM
		{A04AA476-B177-4612-B5F2-BD90532C2C80}.Release|ARM.Build.0 = Release|ARM
		{A04AA476-B177-4612-B5F2-BD90532C2C80}.Release|ARM.Deploy.0 = Release|ARM
		{A04AA476-B177-4612-B5F2-BD90532C2C80}.Release|iPhone.ActiveCfg = Release|x64
		{A04AA476-B177-4612-B5F2-BD90532C2C80}.Release|iPhone.Build.0 = Release|x64
		{A04AA476-B177-4612-B5F2-BD90532C2C80}.Release|iPhone.Deploy.0 = Release|x64
		{A04AA476-B177-4612-B5F2-BD90532C2C80}.Release|iPhoneSimulator.ActiveCfg = Release|x64
		{A04AA476-B177-4612-B5F2-BD90532C2C80}.Release|iPhoneSimulator.Build.0 = Release|x64
		{A04AA476-B177-4612-B5F2-BD90532C2C80}.Release|iPhoneSimulator.Deploy.0 = Release|x64
		{A04AA476-B177-4612-B5F2-BD90532C2C80}.Release|x64.ActiveCfg = Release|x64
		{A04AA476-B177-4612-B5F2-BD90532C2C80}.Release|x64.Build.0 = Release|x64
		{A04AA476-B177-4612-B5F2-BD90532C2C80}.Release|x64.Deploy.0 = Release|x64
		{A04AA476-B177-4612-B5F2-BD90532C2C80}.Release|x86.ActiveCfg = Release|x86
		{A04AA476-B177-4612-B5F2-BD90532C2C80}.Release|x86.Build.0 = Release|x86
		{A04AA476-B177-4612-B5F2-BD90532C2C80}.Release|x86.Deploy.0 = Release|x86
		{8E1CEDC1-5DF7-48CD-832C-930FD0A25595}.Debug|Any CPU.ActiveCfg = Debug|Any CPU
		{8E1CEDC1-5DF7-48CD-832C-930FD0A25595}.Debug|Any CPU.Build.0 = Debug|Any CPU
		{8E1CEDC1-5DF7-48CD-832C-930FD0A25595}.Debug|Any CPU.Deploy.0 = Debug|Any CPU
		{8E1CEDC1-5DF7-48CD-832C-930FD0A25595}.Debug|ARM.ActiveCfg = Debug|Any CPU
		{8E1CEDC1-5DF7-48CD-832C-930FD0A25595}.Debug|ARM.Build.0 = Debug|Any CPU
		{8E1CEDC1-5DF7-48CD-832C-930FD0A25595}.Debug|ARM.Deploy.0 = Debug|Any CPU
		{8E1CEDC1-5DF7-48CD-832C-930FD0A25595}.Debug|iPhone.ActiveCfg = Debug|Any CPU
		{8E1CEDC1-5DF7-48CD-832C-930FD0A25595}.Debug|iPhone.Build.0 = Debug|Any CPU
		{8E1CEDC1-5DF7-48CD-832C-930FD0A25595}.Debug|iPhone.Deploy.0 = Debug|Any CPU
		{8E1CEDC1-5DF7-48CD-832C-930FD0A25595}.Debug|iPhoneSimulator.ActiveCfg = Debug|Any CPU
		{8E1CEDC1-5DF7-48CD-832C-930FD0A25595}.Debug|iPhoneSimulator.Build.0 = Debug|Any CPU
		{8E1CEDC1-5DF7-48CD-832C-930FD0A25595}.Debug|iPhoneSimulator.Deploy.0 = Debug|Any CPU
		{8E1CEDC1-5DF7-48CD-832C-930FD0A25595}.Debug|x64.ActiveCfg = Debug|Any CPU
		{8E1CEDC1-5DF7-48CD-832C-930FD0A25595}.Debug|x64.Build.0 = Debug|Any CPU
		{8E1CEDC1-5DF7-48CD-832C-930FD0A25595}.Debug|x64.Deploy.0 = Debug|Any CPU
		{8E1CEDC1-5DF7-48CD-832C-930FD0A25595}.Debug|x86.ActiveCfg = Debug|Any CPU
		{8E1CEDC1-5DF7-48CD-832C-930FD0A25595}.Debug|x86.Build.0 = Debug|Any CPU
		{8E1CEDC1-5DF7-48CD-832C-930FD0A25595}.Debug|x86.Deploy.0 = Debug|Any CPU
		{8E1CEDC1-5DF7-48CD-832C-930FD0A25595}.Release|Any CPU.ActiveCfg = Release|Any CPU
		{8E1CEDC1-5DF7-48CD-832C-930FD0A25595}.Release|Any CPU.Build.0 = Release|Any CPU
		{8E1CEDC1-5DF7-48CD-832C-930FD0A25595}.Release|Any CPU.Deploy.0 = Release|Any CPU
		{8E1CEDC1-5DF7-48CD-832C-930FD0A25595}.Release|ARM.ActiveCfg = Release|Any CPU
		{8E1CEDC1-5DF7-48CD-832C-930FD0A25595}.Release|ARM.Build.0 = Release|Any CPU
		{8E1CEDC1-5DF7-48CD-832C-930FD0A25595}.Release|ARM.Deploy.0 = Release|Any CPU
		{8E1CEDC1-5DF7-48CD-832C-930FD0A25595}.Release|iPhone.ActiveCfg = Release|Any CPU
		{8E1CEDC1-5DF7-48CD-832C-930FD0A25595}.Release|iPhone.Build.0 = Release|Any CPU
		{8E1CEDC1-5DF7-48CD-832C-930FD0A25595}.Release|iPhone.Deploy.0 = Release|Any CPU
		{8E1CEDC1-5DF7-48CD-832C-930FD0A25595}.Release|iPhoneSimulator.ActiveCfg = Release|Any CPU
		{8E1CEDC1-5DF7-48CD-832C-930FD0A25595}.Release|iPhoneSimulator.Build.0 = Release|Any CPU
		{8E1CEDC1-5DF7-48CD-832C-930FD0A25595}.Release|iPhoneSimulator.Deploy.0 = Release|Any CPU
		{8E1CEDC1-5DF7-48CD-832C-930FD0A25595}.Release|x64.ActiveCfg = Release|Any CPU
		{8E1CEDC1-5DF7-48CD-832C-930FD0A25595}.Release|x64.Build.0 = Release|Any CPU
		{8E1CEDC1-5DF7-48CD-832C-930FD0A25595}.Release|x64.Deploy.0 = Release|Any CPU
		{8E1CEDC1-5DF7-48CD-832C-930FD0A25595}.Release|x86.ActiveCfg = Release|Any CPU
		{8E1CEDC1-5DF7-48CD-832C-930FD0A25595}.Release|x86.Build.0 = Release|Any CPU
		{8E1CEDC1-5DF7-48CD-832C-930FD0A25595}.Release|x86.Deploy.0 = Release|Any CPU
		{2B409645-7033-4C48-845A-07BA4C5BDC7B}.Debug|Any CPU.ActiveCfg = Debug|iPhoneSimulator
		{2B409645-7033-4C48-845A-07BA4C5BDC7B}.Debug|Any CPU.Build.0 = Debug|iPhoneSimulator
		{2B409645-7033-4C48-845A-07BA4C5BDC7B}.Debug|Any CPU.Deploy.0 = Debug|iPhoneSimulator
		{2B409645-7033-4C48-845A-07BA4C5BDC7B}.Debug|ARM.ActiveCfg = Debug|iPhoneSimulator
		{2B409645-7033-4C48-845A-07BA4C5BDC7B}.Debug|ARM.Build.0 = Debug|iPhoneSimulator
		{2B409645-7033-4C48-845A-07BA4C5BDC7B}.Debug|ARM.Deploy.0 = Debug|iPhoneSimulator
		{2B409645-7033-4C48-845A-07BA4C5BDC7B}.Debug|iPhone.ActiveCfg = Debug|iPhone
		{2B409645-7033-4C48-845A-07BA4C5BDC7B}.Debug|iPhone.Build.0 = Debug|iPhone
		{2B409645-7033-4C48-845A-07BA4C5BDC7B}.Debug|iPhone.Deploy.0 = Debug|iPhone
		{2B409645-7033-4C48-845A-07BA4C5BDC7B}.Debug|iPhoneSimulator.ActiveCfg = Debug|iPhoneSimulator
		{2B409645-7033-4C48-845A-07BA4C5BDC7B}.Debug|iPhoneSimulator.Build.0 = Debug|iPhoneSimulator
		{2B409645-7033-4C48-845A-07BA4C5BDC7B}.Debug|iPhoneSimulator.Deploy.0 = Debug|iPhoneSimulator
		{2B409645-7033-4C48-845A-07BA4C5BDC7B}.Debug|x64.ActiveCfg = Debug|iPhone
		{2B409645-7033-4C48-845A-07BA4C5BDC7B}.Debug|x64.Build.0 = Debug|iPhone
		{2B409645-7033-4C48-845A-07BA4C5BDC7B}.Debug|x64.Deploy.0 = Debug|iPhone
		{2B409645-7033-4C48-845A-07BA4C5BDC7B}.Debug|x86.ActiveCfg = Debug|iPhoneSimulator
		{2B409645-7033-4C48-845A-07BA4C5BDC7B}.Debug|x86.Build.0 = Debug|iPhoneSimulator
		{2B409645-7033-4C48-845A-07BA4C5BDC7B}.Debug|x86.Deploy.0 = Debug|iPhoneSimulator
		{2B409645-7033-4C48-845A-07BA4C5BDC7B}.Release|Any CPU.ActiveCfg = Release|iPhoneSimulator
		{2B409645-7033-4C48-845A-07BA4C5BDC7B}.Release|Any CPU.Build.0 = Release|iPhoneSimulator
		{2B409645-7033-4C48-845A-07BA4C5BDC7B}.Release|Any CPU.Deploy.0 = Release|iPhoneSimulator
		{2B409645-7033-4C48-845A-07BA4C5BDC7B}.Release|ARM.ActiveCfg = Release|iPhoneSimulator
		{2B409645-7033-4C48-845A-07BA4C5BDC7B}.Release|ARM.Build.0 = Release|iPhoneSimulator
		{2B409645-7033-4C48-845A-07BA4C5BDC7B}.Release|ARM.Deploy.0 = Release|iPhoneSimulator
		{2B409645-7033-4C48-845A-07BA4C5BDC7B}.Release|iPhone.ActiveCfg = Release|iPhone
		{2B409645-7033-4C48-845A-07BA4C5BDC7B}.Release|iPhone.Build.0 = Release|iPhone
		{2B409645-7033-4C48-845A-07BA4C5BDC7B}.Release|iPhone.Deploy.0 = Release|iPhone
		{2B409645-7033-4C48-845A-07BA4C5BDC7B}.Release|iPhoneSimulator.ActiveCfg = Release|iPhoneSimulator
		{2B409645-7033-4C48-845A-07BA4C5BDC7B}.Release|iPhoneSimulator.Build.0 = Release|iPhoneSimulator
		{2B409645-7033-4C48-845A-07BA4C5BDC7B}.Release|iPhoneSimulator.Deploy.0 = Release|iPhoneSimulator
		{2B409645-7033-4C48-845A-07BA4C5BDC7B}.Release|x64.ActiveCfg = Release|iPhoneSimulator
		{2B409645-7033-4C48-845A-07BA4C5BDC7B}.Release|x64.Build.0 = Release|iPhoneSimulator
		{2B409645-7033-4C48-845A-07BA4C5BDC7B}.Release|x64.Deploy.0 = Release|iPhoneSimulator
		{2B409645-7033-4C48-845A-07BA4C5BDC7B}.Release|x86.ActiveCfg = Release|iPhoneSimulator
		{2B409645-7033-4C48-845A-07BA4C5BDC7B}.Release|x86.Build.0 = Release|iPhoneSimulator
		{2B409645-7033-4C48-845A-07BA4C5BDC7B}.Release|x86.Deploy.0 = Release|iPhoneSimulator
		{07D823E1-3704-406C-830D-1EC0DCC1730C}.Debug|Any CPU.ActiveCfg = Debug|Any CPU
		{07D823E1-3704-406C-830D-1EC0DCC1730C}.Debug|Any CPU.Build.0 = Debug|Any CPU
		{07D823E1-3704-406C-830D-1EC0DCC1730C}.Debug|Any CPU.Deploy.0 = Debug|Any CPU
		{07D823E1-3704-406C-830D-1EC0DCC1730C}.Debug|ARM.ActiveCfg = Debug|Any CPU
		{07D823E1-3704-406C-830D-1EC0DCC1730C}.Debug|ARM.Build.0 = Debug|Any CPU
		{07D823E1-3704-406C-830D-1EC0DCC1730C}.Debug|ARM.Deploy.0 = Debug|Any CPU
		{07D823E1-3704-406C-830D-1EC0DCC1730C}.Debug|iPhone.ActiveCfg = Debug|Any CPU
		{07D823E1-3704-406C-830D-1EC0DCC1730C}.Debug|iPhone.Build.0 = Debug|Any CPU
		{07D823E1-3704-406C-830D-1EC0DCC1730C}.Debug|iPhone.Deploy.0 = Debug|Any CPU
		{07D823E1-3704-406C-830D-1EC0DCC1730C}.Debug|iPhoneSimulator.ActiveCfg = Debug|Any CPU
		{07D823E1-3704-406C-830D-1EC0DCC1730C}.Debug|iPhoneSimulator.Build.0 = Debug|Any CPU
		{07D823E1-3704-406C-830D-1EC0DCC1730C}.Debug|iPhoneSimulator.Deploy.0 = Debug|Any CPU
		{07D823E1-3704-406C-830D-1EC0DCC1730C}.Debug|x64.ActiveCfg = Debug|Any CPU
		{07D823E1-3704-406C-830D-1EC0DCC1730C}.Debug|x64.Build.0 = Debug|Any CPU
		{07D823E1-3704-406C-830D-1EC0DCC1730C}.Debug|x64.Deploy.0 = Debug|Any CPU
		{07D823E1-3704-406C-830D-1EC0DCC1730C}.Debug|x86.ActiveCfg = Debug|Any CPU
		{07D823E1-3704-406C-830D-1EC0DCC1730C}.Debug|x86.Build.0 = Debug|Any CPU
		{07D823E1-3704-406C-830D-1EC0DCC1730C}.Debug|x86.Deploy.0 = Debug|Any CPU
		{07D823E1-3704-406C-830D-1EC0DCC1730C}.Release|Any CPU.ActiveCfg = Release|Any CPU
		{07D823E1-3704-406C-830D-1EC0DCC1730C}.Release|Any CPU.Build.0 = Release|Any CPU
		{07D823E1-3704-406C-830D-1EC0DCC1730C}.Release|Any CPU.Deploy.0 = Release|Any CPU
		{07D823E1-3704-406C-830D-1EC0DCC1730C}.Release|ARM.ActiveCfg = Release|Any CPU
		{07D823E1-3704-406C-830D-1EC0DCC1730C}.Release|ARM.Build.0 = Release|Any CPU
		{07D823E1-3704-406C-830D-1EC0DCC1730C}.Release|ARM.Deploy.0 = Release|Any CPU
		{07D823E1-3704-406C-830D-1EC0DCC1730C}.Release|iPhone.ActiveCfg = Release|Any CPU
		{07D823E1-3704-406C-830D-1EC0DCC1730C}.Release|iPhone.Build.0 = Release|Any CPU
		{07D823E1-3704-406C-830D-1EC0DCC1730C}.Release|iPhone.Deploy.0 = Release|Any CPU
		{07D823E1-3704-406C-830D-1EC0DCC1730C}.Release|iPhoneSimulator.ActiveCfg = Release|Any CPU
		{07D823E1-3704-406C-830D-1EC0DCC1730C}.Release|iPhoneSimulator.Build.0 = Release|Any CPU
		{07D823E1-3704-406C-830D-1EC0DCC1730C}.Release|iPhoneSimulator.Deploy.0 = Release|Any CPU
		{07D823E1-3704-406C-830D-1EC0DCC1730C}.Release|x64.ActiveCfg = Release|Any CPU
		{07D823E1-3704-406C-830D-1EC0DCC1730C}.Release|x64.Build.0 = Release|Any CPU
		{07D823E1-3704-406C-830D-1EC0DCC1730C}.Release|x64.Deploy.0 = Release|Any CPU
		{07D823E1-3704-406C-830D-1EC0DCC1730C}.Release|x86.ActiveCfg = Release|Any CPU
		{07D823E1-3704-406C-830D-1EC0DCC1730C}.Release|x86.Build.0 = Release|Any CPU
		{07D823E1-3704-406C-830D-1EC0DCC1730C}.Release|x86.Deploy.0 = Release|Any CPU
	EndGlobalSection
	GlobalSection(SolutionProperties) = preSolution
		HideSolutionNode = FALSE
	EndGlobalSection
	GlobalSection(ExtensibilityGlobals) = postSolution
		SolutionGuid = {0E008593-AA53-4D0B-AA86-125C2F8FA712}
	EndGlobalSection
EndGlobal
