
Microsoft Visual Studio Solution File, Format Version 12.00
# Visual Studio Version 17
VisualStudioVersion = 17.1.32319.34
MinimumVisualStudioVersion = 10.0.40219.1
Project("{FAE04EC0-301F-11D3-BF4B-00C04F79EFBC}") = "Diplomapp.UWP", "Diplomapp\Diplomapp.UWP\Diplomapp.UWP.csproj", "{7067DF56-BDF4-4CD4-BF52-B33CE57CBC99}"
EndProject
Project("{FAE04EC0-301F-11D3-BF4B-00C04F79EFBC}") = "Diplomapp.Android", "Diplomapp\Diplomapp.Android\Diplomapp.Android.csproj", "{A7E104A1-59C4-481C-88FA-6E251B44FD1D}"
EndProject
Project("{FAE04EC0-301F-11D3-BF4B-00C04F79EFBC}") = "Diplomapp.iOS", "Diplomapp\Diplomapp.iOS\Diplomapp.iOS.csproj", "{DBD8480B-F94D-47AC-99A2-8FF5AF8BFE34}"
EndProject
Project("{FAE04EC0-301F-11D3-BF4B-00C04F79EFBC}") = "Diplomapp", "Diplomapp\Diplomapp\Diplomapp.csproj", "{36CCEC91-2087-4A91-9CB0-2E4BC9E5C83A}"
EndProject
Global
	GlobalSection(SolutionConfigurationPlatforms) = preSolution
		Debug|Any CPU = Debug|Any CPU
		Debug|ARM = Debug|ARM
		Debug|iPhone = Debug|iPhone
		Debug|iPhoneSimulator = Debug|iPhoneSimulator
		Debug|x64 = Debug|x64
		Debug|x86 = Debug|x86
		Release|Any CPU = Release|Any CPU
		Release|ARM = Release|ARM
		Release|iPhone = Release|iPhone
		Release|iPhoneSimulator = Release|iPhoneSimulator
		Release|x64 = Release|x64
		Release|x86 = Release|x86
	EndGlobalSection
	GlobalSection(ProjectConfigurationPlatforms) = postSolution
		{7067DF56-BDF4-4CD4-BF52-B33CE57CBC99}.Debug|Any CPU.ActiveCfg = Debug|x64
		{7067DF56-BDF4-4CD4-BF52-B33CE57CBC99}.Debug|Any CPU.Build.0 = Debug|x64
		{7067DF56-BDF4-4CD4-BF52-B33CE57CBC99}.Debug|Any CPU.Deploy.0 = Debug|x64
		{7067DF56-BDF4-4CD4-BF52-B33CE57CBC99}.Debug|ARM.ActiveCfg = Debug|ARM
		{7067DF56-BDF4-4CD4-BF52-B33CE57CBC99}.Debug|ARM.Build.0 = Debug|ARM
		{7067DF56-BDF4-4CD4-BF52-B33CE57CBC99}.Debug|ARM.Deploy.0 = Debug|ARM
		{7067DF56-BDF4-4CD4-BF52-B33CE57CBC99}.Debug|iPhone.ActiveCfg = Debug|x64
		{7067DF56-BDF4-4CD4-BF52-B33CE57CBC99}.Debug|iPhone.Build.0 = Debug|x64
		{7067DF56-BDF4-4CD4-BF52-B33CE57CBC99}.Debug|iPhone.Deploy.0 = Debug|x64
		{7067DF56-BDF4-4CD4-BF52-B33CE57CBC99}.Debug|iPhoneSimulator.ActiveCfg = Debug|x64
		{7067DF56-BDF4-4CD4-BF52-B33CE57CBC99}.Debug|iPhoneSimulator.Build.0 = Debug|x64
		{7067DF56-BDF4-4CD4-BF52-B33CE57CBC99}.Debug|iPhoneSimulator.Deploy.0 = Debug|x64
		{7067DF56-BDF4-4CD4-BF52-B33CE57CBC99}.Debug|x64.ActiveCfg = Debug|x64
		{7067DF56-BDF4-4CD4-BF52-B33CE57CBC99}.Debug|x64.Build.0 = Debug|x64
		{7067DF56-BDF4-4CD4-BF52-B33CE57CBC99}.Debug|x64.Deploy.0 = Debug|x64
		{7067DF56-BDF4-4CD4-BF52-B33CE57CBC99}.Debug|x86.ActiveCfg = Debug|x86
		{7067DF56-BDF4-4CD4-BF52-B33CE57CBC99}.Debug|x86.Build.0 = Debug|x86
		{7067DF56-BDF4-4CD4-BF52-B33CE57CBC99}.Debug|x86.Deploy.0 = Debug|x86
		{7067DF56-BDF4-4CD4-BF52-B33CE57CBC99}.Release|Any CPU.ActiveCfg = Release|x64
		{7067DF56-BDF4-4CD4-BF52-B33CE57CBC99}.Release|Any CPU.Build.0 = Release|x64
		{7067DF56-BDF4-4CD4-BF52-B33CE57CBC99}.Release|Any CPU.Deploy.0 = Release|x64
		{7067DF56-BDF4-4CD4-BF52-B33CE57CBC99}.Release|ARM.ActiveCfg = Release|ARM
		{7067DF56-BDF4-4CD4-BF52-B33CE57CBC99}.Release|ARM.Build.0 = Release|ARM
		{7067DF56-BDF4-4CD4-BF52-B33CE57CBC99}.Release|ARM.Deploy.0 = Release|ARM
		{7067DF56-BDF4-4CD4-BF52-B33CE57CBC99}.Release|iPhone.ActiveCfg = Release|x64
		{7067DF56-BDF4-4CD4-BF52-B33CE57CBC99}.Release|iPhone.Build.0 = Release|x64
		{7067DF56-BDF4-4CD4-BF52-B33CE57CBC99}.Release|iPhone.Deploy.0 = Release|x64
		{7067DF56-BDF4-4CD4-BF52-B33CE57CBC99}.Release|iPhoneSimulator.ActiveCfg = Release|x64
		{7067DF56-BDF4-4CD4-BF52-B33CE57CBC99}.Release|iPhoneSimulator.Build.0 = Release|x64
		{7067DF56-BDF4-4CD4-BF52-B33CE57CBC99}.Release|iPhoneSimulator.Deploy.0 = Release|x64
		{7067DF56-BDF4-4CD4-BF52-B33CE57CBC99}.Release|x64.ActiveCfg = Release|x64
		{7067DF56-BDF4-4CD4-BF52-B33CE57CBC99}.Release|x64.Build.0 = Release|x64
		{7067DF56-BDF4-4CD4-BF52-B33CE57CBC99}.Release|x64.Deploy.0 = Release|x64
		{7067DF56-BDF4-4CD4-BF52-B33CE57CBC99}.Release|x86.ActiveCfg = Release|x86
		{7067DF56-BDF4-4CD4-BF52-B33CE57CBC99}.Release|x86.Build.0 = Release|x86
		{7067DF56-BDF4-4CD4-BF52-B33CE57CBC99}.Release|x86.Deploy.0 = Release|x86
		{A7E104A1-59C4-481C-88FA-6E251B44FD1D}.Debug|Any CPU.ActiveCfg = Debug|Any CPU
		{A7E104A1-59C4-481C-88FA-6E251B44FD1D}.Debug|Any CPU.Build.0 = Debug|Any CPU
		{A7E104A1-59C4-481C-88FA-6E251B44FD1D}.Debug|Any CPU.Deploy.0 = Debug|Any CPU
		{A7E104A1-59C4-481C-88FA-6E251B44FD1D}.Debug|ARM.ActiveCfg = Debug|Any CPU
		{A7E104A1-59C4-481C-88FA-6E251B44FD1D}.Debug|ARM.Build.0 = Debug|Any CPU
		{A7E104A1-59C4-481C-88FA-6E251B44FD1D}.Debug|ARM.Deploy.0 = Debug|Any CPU
		{A7E104A1-59C4-481C-88FA-6E251B44FD1D}.Debug|iPhone.ActiveCfg = Debug|Any CPU
		{A7E104A1-59C4-481C-88FA-6E251B44FD1D}.Debug|iPhone.Build.0 = Debug|Any CPU
		{A7E104A1-59C4-481C-88FA-6E251B44FD1D}.Debug|iPhone.Deploy.0 = Debug|Any CPU
		{A7E104A1-59C4-481C-88FA-6E251B44FD1D}.Debug|iPhoneSimulator.ActiveCfg = Debug|Any CPU
		{A7E104A1-59C4-481C-88FA-6E251B44FD1D}.Debug|iPhoneSimulator.Build.0 = Debug|Any CPU
		{A7E104A1-59C4-481C-88FA-6E251B44FD1D}.Debug|iPhoneSimulator.Deploy.0 = Debug|Any CPU
		{A7E104A1-59C4-481C-88FA-6E251B44FD1D}.Debug|x64.ActiveCfg = Debug|Any CPU
		{A7E104A1-59C4-481C-88FA-6E251B44FD1D}.Debug|x64.Build.0 = Debug|Any CPU
		{A7E104A1-59C4-481C-88FA-6E251B44FD1D}.Debug|x64.Deploy.0 = Debug|Any CPU
		{A7E104A1-59C4-481C-88FA-6E251B44FD1D}.Debug|x86.ActiveCfg = Debug|Any CPU
		{A7E104A1-59C4-481C-88FA-6E251B44FD1D}.Debug|x86.Build.0 = Debug|Any CPU
		{A7E104A1-59C4-481C-88FA-6E251B44FD1D}.Debug|x86.Deploy.0 = Debug|Any CPU
		{A7E104A1-59C4-481C-88FA-6E251B44FD1D}.Release|Any CPU.ActiveCfg = Release|Any CPU
		{A7E104A1-59C4-481C-88FA-6E251B44FD1D}.Release|Any CPU.Build.0 = Release|Any CPU
		{A7E104A1-59C4-481C-88FA-6E251B44FD1D}.Release|Any CPU.Deploy.0 = Release|Any CPU
		{A7E104A1-59C4-481C-88FA-6E251B44FD1D}.Release|ARM.ActiveCfg = Release|Any CPU
		{A7E104A1-59C4-481C-88FA-6E251B44FD1D}.Release|ARM.Build.0 = Release|Any CPU
		{A7E104A1-59C4-481C-88FA-6E251B44FD1D}.Release|ARM.Deploy.0 = Release|Any CPU
		{A7E104A1-59C4-481C-88FA-6E251B44FD1D}.Release|iPhone.ActiveCfg = Release|Any CPU
		{A7E104A1-59C4-481C-88FA-6E251B44FD1D}.Release|iPhone.Build.0 = Release|Any CPU
		{A7E104A1-59C4-481C-88FA-6E251B44FD1D}.Release|iPhone.Deploy.0 = Release|Any CPU
		{A7E104A1-59C4-481C-88FA-6E251B44FD1D}.Release|iPhoneSimulator.ActiveCfg = Release|Any CPU
		{A7E104A1-59C4-481C-88FA-6E251B44FD1D}.Release|iPhoneSimulator.Build.0 = Release|Any CPU
		{A7E104A1-59C4-481C-88FA-6E251B44FD1D}.Release|iPhoneSimulator.Deploy.0 = Release|Any CPU
		{A7E104A1-59C4-481C-88FA-6E251B44FD1D}.Release|x64.ActiveCfg = Release|Any CPU
		{A7E104A1-59C4-481C-88FA-6E251B44FD1D}.Release|x64.Build.0 = Release|Any CPU
		{A7E104A1-59C4-481C-88FA-6E251B44FD1D}.Release|x64.Deploy.0 = Release|Any CPU
		{A7E104A1-59C4-481C-88FA-6E251B44FD1D}.Release|x86.ActiveCfg = Release|Any CPU
		{A7E104A1-59C4-481C-88FA-6E251B44FD1D}.Release|x86.Build.0 = Release|Any CPU
		{A7E104A1-59C4-481C-88FA-6E251B44FD1D}.Release|x86.Deploy.0 = Release|Any CPU
		{DBD8480B-F94D-47AC-99A2-8FF5AF8BFE34}.Debug|Any CPU.ActiveCfg = Debug|iPhoneSimulator
		{DBD8480B-F94D-47AC-99A2-8FF5AF8BFE34}.Debug|Any CPU.Build.0 = Debug|iPhoneSimulator
		{DBD8480B-F94D-47AC-99A2-8FF5AF8BFE34}.Debug|Any CPU.Deploy.0 = Debug|iPhoneSimulator
		{DBD8480B-F94D-47AC-99A2-8FF5AF8BFE34}.Debug|ARM.ActiveCfg = Debug|iPhoneSimulator
		{DBD8480B-F94D-47AC-99A2-8FF5AF8BFE34}.Debug|ARM.Build.0 = Debug|iPhoneSimulator
		{DBD8480B-F94D-47AC-99A2-8FF5AF8BFE34}.Debug|ARM.Deploy.0 = Debug|iPhoneSimulator
		{DBD8480B-F94D-47AC-99A2-8FF5AF8BFE34}.Debug|iPhone.ActiveCfg = Debug|iPhone
		{DBD8480B-F94D-47AC-99A2-8FF5AF8BFE34}.Debug|iPhone.Build.0 = Debug|iPhone
		{DBD8480B-F94D-47AC-99A2-8FF5AF8BFE34}.Debug|iPhone.Deploy.0 = Debug|iPhone
		{DBD8480B-F94D-47AC-99A2-8FF5AF8BFE34}.Debug|iPhoneSimulator.ActiveCfg = Debug|iPhoneSimulator
		{DBD8480B-F94D-47AC-99A2-8FF5AF8BFE34}.Debug|iPhoneSimulator.Build.0 = Debug|iPhoneSimulator
		{DBD8480B-F94D-47AC-99A2-8FF5AF8BFE34}.Debug|iPhoneSimulator.Deploy.0 = Debug|iPhoneSimulator
		{DBD8480B-F94D-47AC-99A2-8FF5AF8BFE34}.Debug|x64.ActiveCfg = Debug|iPhone
		{DBD8480B-F94D-47AC-99A2-8FF5AF8BFE34}.Debug|x64.Build.0 = Debug|iPhone
		{DBD8480B-F94D-47AC-99A2-8FF5AF8BFE34}.Debug|x64.Deploy.0 = Debug|iPhone
		{DBD8480B-F94D-47AC-99A2-8FF5AF8BFE34}.Debug|x86.ActiveCfg = Debug|iPhoneSimulator
		{DBD8480B-F94D-47AC-99A2-8FF5AF8BFE34}.Debug|x86.Build.0 = Debug|iPhoneSimulator
		{DBD8480B-F94D-47AC-99A2-8FF5AF8BFE34}.Debug|x86.Deploy.0 = Debug|iPhoneSimulator
		{DBD8480B-F94D-47AC-99A2-8FF5AF8BFE34}.Release|Any CPU.ActiveCfg = Release|iPhoneSimulator
		{DBD8480B-F94D-47AC-99A2-8FF5AF8BFE34}.Release|Any CPU.Build.0 = Release|iPhoneSimulator
		{DBD8480B-F94D-47AC-99A2-8FF5AF8BFE34}.Release|Any CPU.Deploy.0 = Release|iPhoneSimulator
		{DBD8480B-F94D-47AC-99A2-8FF5AF8BFE34}.Release|ARM.ActiveCfg = Release|iPhoneSimulator
		{DBD8480B-F94D-47AC-99A2-8FF5AF8BFE34}.Release|ARM.Build.0 = Release|iPhoneSimulator
		{DBD8480B-F94D-47AC-99A2-8FF5AF8BFE34}.Release|ARM.Deploy.0 = Release|iPhoneSimulator
		{DBD8480B-F94D-47AC-99A2-8FF5AF8BFE34}.Release|iPhone.ActiveCfg = Release|iPhone
		{DBD8480B-F94D-47AC-99A2-8FF5AF8BFE34}.Release|iPhone.Build.0 = Release|iPhone
		{DBD8480B-F94D-47AC-99A2-8FF5AF8BFE34}.Release|iPhone.Deploy.0 = Release|iPhone
		{DBD8480B-F94D-47AC-99A2-8FF5AF8BFE34}.Release|iPhoneSimulator.ActiveCfg = Release|iPhoneSimulator
		{DBD8480B-F94D-47AC-99A2-8FF5AF8BFE34}.Release|iPhoneSimulator.Build.0 = Release|iPhoneSimulator
		{DBD8480B-F94D-47AC-99A2-8FF5AF8BFE34}.Release|iPhoneSimulator.Deploy.0 = Release|iPhoneSimulator
		{DBD8480B-F94D-47AC-99A2-8FF5AF8BFE34}.Release|x64.ActiveCfg = Release|iPhoneSimulator
		{DBD8480B-F94D-47AC-99A2-8FF5AF8BFE34}.Release|x64.Build.0 = Release|iPhoneSimulator
		{DBD8480B-F94D-47AC-99A2-8FF5AF8BFE34}.Release|x64.Deploy.0 = Release|iPhoneSimulator
		{DBD8480B-F94D-47AC-99A2-8FF5AF8BFE34}.Release|x86.ActiveCfg = Release|iPhoneSimulator
		{DBD8480B-F94D-47AC-99A2-8FF5AF8BFE34}.Release|x86.Build.0 = Release|iPhoneSimulator
		{DBD8480B-F94D-47AC-99A2-8FF5AF8BFE34}.Release|x86.Deploy.0 = Release|iPhoneSimulator
		{36CCEC91-2087-4A91-9CB0-2E4BC9E5C83A}.Debug|Any CPU.ActiveCfg = Debug|Any CPU
		{36CCEC91-2087-4A91-9CB0-2E4BC9E5C83A}.Debug|Any CPU.Build.0 = Debug|Any CPU
		{36CCEC91-2087-4A91-9CB0-2E4BC9E5C83A}.Debug|Any CPU.Deploy.0 = Debug|Any CPU
		{36CCEC91-2087-4A91-9CB0-2E4BC9E5C83A}.Debug|ARM.ActiveCfg = Debug|Any CPU
		{36CCEC91-2087-4A91-9CB0-2E4BC9E5C83A}.Debug|ARM.Build.0 = Debug|Any CPU
		{36CCEC91-2087-4A91-9CB0-2E4BC9E5C83A}.Debug|ARM.Deploy.0 = Debug|Any CPU
		{36CCEC91-2087-4A91-9CB0-2E4BC9E5C83A}.Debug|iPhone.ActiveCfg = Debug|Any CPU
		{36CCEC91-2087-4A91-9CB0-2E4BC9E5C83A}.Debug|iPhone.Build.0 = Debug|Any CPU
		{36CCEC91-2087-4A91-9CB0-2E4BC9E5C83A}.Debug|iPhone.Deploy.0 = Debug|Any CPU
		{36CCEC91-2087-4A91-9CB0-2E4BC9E5C83A}.Debug|iPhoneSimulator.ActiveCfg = Debug|Any CPU
		{36CCEC91-2087-4A91-9CB0-2E4BC9E5C83A}.Debug|iPhoneSimulator.Build.0 = Debug|Any CPU
		{36CCEC91-2087-4A91-9CB0-2E4BC9E5C83A}.Debug|iPhoneSimulator.Deploy.0 = Debug|Any CPU
		{36CCEC91-2087-4A91-9CB0-2E4BC9E5C83A}.Debug|x64.ActiveCfg = Debug|Any CPU
		{36CCEC91-2087-4A91-9CB0-2E4BC9E5C83A}.Debug|x64.Build.0 = Debug|Any CPU
		{36CCEC91-2087-4A91-9CB0-2E4BC9E5C83A}.Debug|x64.Deploy.0 = Debug|Any CPU
		{36CCEC91-2087-4A91-9CB0-2E4BC9E5C83A}.Debug|x86.ActiveCfg = Debug|Any CPU
		{36CCEC91-2087-4A91-9CB0-2E4BC9E5C83A}.Debug|x86.Build.0 = Debug|Any CPU
		{36CCEC91-2087-4A91-9CB0-2E4BC9E5C83A}.Debug|x86.Deploy.0 = Debug|Any CPU
		{36CCEC91-2087-4A91-9CB0-2E4BC9E5C83A}.Release|Any CPU.ActiveCfg = Release|Any CPU
		{36CCEC91-2087-4A91-9CB0-2E4BC9E5C83A}.Release|Any CPU.Build.0 = Release|Any CPU
		{36CCEC91-2087-4A91-9CB0-2E4BC9E5C83A}.Release|Any CPU.Deploy.0 = Release|Any CPU
		{36CCEC91-2087-4A91-9CB0-2E4BC9E5C83A}.Release|ARM.ActiveCfg = Release|Any CPU
		{36CCEC91-2087-4A91-9CB0-2E4BC9E5C83A}.Release|ARM.Build.0 = Release|Any CPU
		{36CCEC91-2087-4A91-9CB0-2E4BC9E5C83A}.Release|ARM.Deploy.0 = Release|Any CPU
		{36CCEC91-2087-4A91-9CB0-2E4BC9E5C83A}.Release|iPhone.ActiveCfg = Release|Any CPU
		{36CCEC91-2087-4A91-9CB0-2E4BC9E5C83A}.Release|iPhone.Build.0 = Release|Any CPU
		{36CCEC91-2087-4A91-9CB0-2E4BC9E5C83A}.Release|iPhone.Deploy.0 = Release|Any CPU
		{36CCEC91-2087-4A91-9CB0-2E4BC9E5C83A}.Release|iPhoneSimulator.ActiveCfg = Release|Any CPU
		{36CCEC91-2087-4A91-9CB0-2E4BC9E5C83A}.Release|iPhoneSimulator.Build.0 = Release|Any CPU
		{36CCEC91-2087-4A91-9CB0-2E4BC9E5C83A}.Release|iPhoneSimulator.Deploy.0 = Release|Any CPU
		{36CCEC91-2087-4A91-9CB0-2E4BC9E5C83A}.Release|x64.ActiveCfg = Release|Any CPU
		{36CCEC91-2087-4A91-9CB0-2E4BC9E5C83A}.Release|x64.Build.0 = Release|Any CPU
		{36CCEC91-2087-4A91-9CB0-2E4BC9E5C83A}.Release|x64.Deploy.0 = Release|Any CPU
		{36CCEC91-2087-4A91-9CB0-2E4BC9E5C83A}.Release|x86.ActiveCfg = Release|Any CPU
		{36CCEC91-2087-4A91-9CB0-2E4BC9E5C83A}.Release|x86.Build.0 = Release|Any CPU
		{36CCEC91-2087-4A91-9CB0-2E4BC9E5C83A}.Release|x86.Deploy.0 = Release|Any CPU
	EndGlobalSection
	GlobalSection(SolutionProperties) = preSolution
		HideSolutionNode = FALSE
	EndGlobalSection
	GlobalSection(ExtensibilityGlobals) = postSolution
		SolutionGuid = {EA3752FD-6874-404B-A4A5-AEE69A39AC3A}
	EndGlobalSection
EndGlobal
